
Microsoft Visual Studio Solution File, Format Version 12.00
# Visual Studio 14
VisualStudioVersion = 14.0.24720.0
MinimumVisualStudioVersion = 10.0.40219.1
Project("{FAE04EC0-301F-11D3-BF4B-00C04F79EFBC}") = "MathGame.Droid", "MathGame\MathGame.Droid\MathGame.Droid.csproj", "{4CB97BEE-9AD8-4C04-8D3E-C59545767C3F}"
EndProject
Project("{FAE04EC0-301F-11D3-BF4B-00C04F79EFBC}") = "MathGame.iOS", "MathGame\MathGame.iOS\MathGame.iOS.csproj", "{DD967B97-19FF-4B0C-9830-B007D65D0FDE}"
EndProject
Project("{FAE04EC0-301F-11D3-BF4B-00C04F79EFBC}") = "MathGame.WinPhone", "MathGame\MathGame.WinPhone\MathGame.WinPhone.csproj", "{191DA642-F208-4CBD-9C9A-A0261D602BD7}"
EndProject
Project("{FAE04EC0-301F-11D3-BF4B-00C04F79EFBC}") = "MathGame.UWP", "MathGame\MathGame.UWP\MathGame.UWP.csproj", "{A83F30EF-69E0-4D2E-85FC-3933664D333D}"
EndProject
Project("{FAE04EC0-301F-11D3-BF4B-00C04F79EFBC}") = "MathGame.Windows", "MathGame\MathGame.Windows\MathGame.Windows.csproj", "{4C920E32-6E39-498D-930E-64604652258A}"
EndProject
Project("{FAE04EC0-301F-11D3-BF4B-00C04F79EFBC}") = "MathGame", "MathGame\MathGame\MathGame.csproj", "{5B1ED2F6-1E7A-4CB5-BFAC-ADDE25C3459B}"
EndProject
Global
	GlobalSection(SolutionConfigurationPlatforms) = preSolution
		Ad-Hoc|Any CPU = Ad-Hoc|Any CPU
		Ad-Hoc|ARM = Ad-Hoc|ARM
		Ad-Hoc|iPhone = Ad-Hoc|iPhone
		Ad-Hoc|iPhoneSimulator = Ad-Hoc|iPhoneSimulator
		Ad-Hoc|x64 = Ad-Hoc|x64
		Ad-Hoc|x86 = Ad-Hoc|x86
		AppStore|Any CPU = AppStore|Any CPU
		AppStore|ARM = AppStore|ARM
		AppStore|iPhone = AppStore|iPhone
		AppStore|iPhoneSimulator = AppStore|iPhoneSimulator
		AppStore|x64 = AppStore|x64
		AppStore|x86 = AppStore|x86
		Debug|Any CPU = Debug|Any CPU
		Debug|ARM = Debug|ARM
		Debug|iPhone = Debug|iPhone
		Debug|iPhoneSimulator = Debug|iPhoneSimulator
		Debug|x64 = Debug|x64
		Debug|x86 = Debug|x86
		Release|Any CPU = Release|Any CPU
		Release|ARM = Release|ARM
		Release|iPhone = Release|iPhone
		Release|iPhoneSimulator = Release|iPhoneSimulator
		Release|x64 = Release|x64
		Release|x86 = Release|x86
	EndGlobalSection
	GlobalSection(ProjectConfigurationPlatforms) = postSolution
		{4CB97BEE-9AD8-4C04-8D3E-C59545767C3F}.Ad-Hoc|Any CPU.ActiveCfg = Release|Any CPU
		{4CB97BEE-9AD8-4C04-8D3E-C59545767C3F}.Ad-Hoc|Any CPU.Build.0 = Release|Any CPU
		{4CB97BEE-9AD8-4C04-8D3E-C59545767C3F}.Ad-Hoc|Any CPU.Deploy.0 = Release|Any CPU
		{4CB97BEE-9AD8-4C04-8D3E-C59545767C3F}.Ad-Hoc|ARM.ActiveCfg = Release|Any CPU
		{4CB97BEE-9AD8-4C04-8D3E-C59545767C3F}.Ad-Hoc|ARM.Build.0 = Release|Any CPU
		{4CB97BEE-9AD8-4C04-8D3E-C59545767C3F}.Ad-Hoc|ARM.Deploy.0 = Release|Any CPU
		{4CB97BEE-9AD8-4C04-8D3E-C59545767C3F}.Ad-Hoc|iPhone.ActiveCfg = Release|Any CPU
		{4CB97BEE-9AD8-4C04-8D3E-C59545767C3F}.Ad-Hoc|iPhone.Build.0 = Release|Any CPU
		{4CB97BEE-9AD8-4C04-8D3E-C59545767C3F}.Ad-Hoc|iPhone.Deploy.0 = Release|Any CPU
		{4CB97BEE-9AD8-4C04-8D3E-C59545767C3F}.Ad-Hoc|iPhoneSimulator.ActiveCfg = Release|Any CPU
		{4CB97BEE-9AD8-4C04-8D3E-C59545767C3F}.Ad-Hoc|iPhoneSimulator.Build.0 = Release|Any CPU
		{4CB97BEE-9AD8-4C04-8D3E-C59545767C3F}.Ad-Hoc|iPhoneSimulator.Deploy.0 = Release|Any CPU
		{4CB97BEE-9AD8-4C04-8D3E-C59545767C3F}.Ad-Hoc|x64.ActiveCfg = Release|Any CPU
		{4CB97BEE-9AD8-4C04-8D3E-C59545767C3F}.Ad-Hoc|x64.Build.0 = Release|Any CPU
		{4CB97BEE-9AD8-4C04-8D3E-C59545767C3F}.Ad-Hoc|x64.Deploy.0 = Release|Any CPU
		{4CB97BEE-9AD8-4C04-8D3E-C59545767C3F}.Ad-Hoc|x86.ActiveCfg = Release|Any CPU
		{4CB97BEE-9AD8-4C04-8D3E-C59545767C3F}.Ad-Hoc|x86.Build.0 = Release|Any CPU
		{4CB97BEE-9AD8-4C04-8D3E-C59545767C3F}.Ad-Hoc|x86.Deploy.0 = Release|Any CPU
		{4CB97BEE-9AD8-4C04-8D3E-C59545767C3F}.AppStore|Any CPU.ActiveCfg = Release|Any CPU
		{4CB97BEE-9AD8-4C04-8D3E-C59545767C3F}.AppStore|Any CPU.Build.0 = Release|Any CPU
		{4CB97BEE-9AD8-4C04-8D3E-C59545767C3F}.AppStore|Any CPU.Deploy.0 = Release|Any CPU
		{4CB97BEE-9AD8-4C04-8D3E-C59545767C3F}.AppStore|ARM.ActiveCfg = Release|Any CPU
		{4CB97BEE-9AD8-4C04-8D3E-C59545767C3F}.AppStore|ARM.Build.0 = Release|Any CPU
		{4CB97BEE-9AD8-4C04-8D3E-C59545767C3F}.AppStore|ARM.Deploy.0 = Release|Any CPU
		{4CB97BEE-9AD8-4C04-8D3E-C59545767C3F}.AppStore|iPhone.ActiveCfg = Release|Any CPU
		{4CB97BEE-9AD8-4C04-8D3E-C59545767C3F}.AppStore|iPhone.Build.0 = Release|Any CPU
		{4CB97BEE-9AD8-4C04-8D3E-C59545767C3F}.AppStore|iPhone.Deploy.0 = Release|Any CPU
		{4CB97BEE-9AD8-4C04-8D3E-C59545767C3F}.AppStore|iPhoneSimulator.ActiveCfg = Release|Any CPU
		{4CB97BEE-9AD8-4C04-8D3E-C59545767C3F}.AppStore|iPhoneSimulator.Build.0 = Release|Any CPU
		{4CB97BEE-9AD8-4C04-8D3E-C59545767C3F}.AppStore|iPhoneSimulator.Deploy.0 = Release|Any CPU
		{4CB97BEE-9AD8-4C04-8D3E-C59545767C3F}.AppStore|x64.ActiveCfg = Release|Any CPU
		{4CB97BEE-9AD8-4C04-8D3E-C59545767C3F}.AppStore|x64.Build.0 = Release|Any CPU
		{4CB97BEE-9AD8-4C04-8D3E-C59545767C3F}.AppStore|x64.Deploy.0 = Release|Any CPU
		{4CB97BEE-9AD8-4C04-8D3E-C59545767C3F}.AppStore|x86.ActiveCfg = Release|Any CPU
		{4CB97BEE-9AD8-4C04-8D3E-C59545767C3F}.AppStore|x86.Build.0 = Release|Any CPU
		{4CB97BEE-9AD8-4C04-8D3E-C59545767C3F}.AppStore|x86.Deploy.0 = Release|Any CPU
		{4CB97BEE-9AD8-4C04-8D3E-C59545767C3F}.Debug|Any CPU.ActiveCfg = Debug|Any CPU
		{4CB97BEE-9AD8-4C04-8D3E-C59545767C3F}.Debug|Any CPU.Build.0 = Debug|Any CPU
		{4CB97BEE-9AD8-4C04-8D3E-C59545767C3F}.Debug|Any CPU.Deploy.0 = Debug|Any CPU
		{4CB97BEE-9AD8-4C04-8D3E-C59545767C3F}.Debug|ARM.ActiveCfg = Debug|Any CPU
		{4CB97BEE-9AD8-4C04-8D3E-C59545767C3F}.Debug|ARM.Build.0 = Debug|Any CPU
		{4CB97BEE-9AD8-4C04-8D3E-C59545767C3F}.Debug|ARM.Deploy.0 = Debug|Any CPU
		{4CB97BEE-9AD8-4C04-8D3E-C59545767C3F}.Debug|iPhone.ActiveCfg = Debug|Any CPU
		{4CB97BEE-9AD8-4C04-8D3E-C59545767C3F}.Debug|iPhone.Build.0 = Debug|Any CPU
		{4CB97BEE-9AD8-4C04-8D3E-C59545767C3F}.Debug|iPhone.Deploy.0 = Debug|Any CPU
		{4CB97BEE-9AD8-4C04-8D3E-C59545767C3F}.Debug|iPhoneSimulator.ActiveCfg = Debug|Any CPU
		{4CB97BEE-9AD8-4C04-8D3E-C59545767C3F}.Debug|iPhoneSimulator.Build.0 = Debug|Any CPU
		{4CB97BEE-9AD8-4C04-8D3E-C59545767C3F}.Debug|iPhoneSimulator.Deploy.0 = Debug|Any CPU
		{4CB97BEE-9AD8-4C04-8D3E-C59545767C3F}.Debug|x64.ActiveCfg = Debug|Any CPU
		{4CB97BEE-9AD8-4C04-8D3E-C59545767C3F}.Debug|x64.Build.0 = Debug|Any CPU
		{4CB97BEE-9AD8-4C04-8D3E-C59545767C3F}.Debug|x64.Deploy.0 = Debug|Any CPU
		{4CB97BEE-9AD8-4C04-8D3E-C59545767C3F}.Debug|x86.ActiveCfg = Debug|Any CPU
		{4CB97BEE-9AD8-4C04-8D3E-C59545767C3F}.Debug|x86.Build.0 = Debug|Any CPU
		{4CB97BEE-9AD8-4C04-8D3E-C59545767C3F}.Debug|x86.Deploy.0 = Debug|Any CPU
		{4CB97BEE-9AD8-4C04-8D3E-C59545767C3F}.Release|Any CPU.ActiveCfg = Release|Any CPU
		{4CB97BEE-9AD8-4C04-8D3E-C59545767C3F}.Release|Any CPU.Build.0 = Release|Any CPU
		{4CB97BEE-9AD8-4C04-8D3E-C59545767C3F}.Release|Any CPU.Deploy.0 = Release|Any CPU
		{4CB97BEE-9AD8-4C04-8D3E-C59545767C3F}.Release|ARM.ActiveCfg = Release|Any CPU
		{4CB97BEE-9AD8-4C04-8D3E-C59545767C3F}.Release|ARM.Build.0 = Release|Any CPU
		{4CB97BEE-9AD8-4C04-8D3E-C59545767C3F}.Release|ARM.Deploy.0 = Release|Any CPU
		{4CB97BEE-9AD8-4C04-8D3E-C59545767C3F}.Release|iPhone.ActiveCfg = Release|Any CPU
		{4CB97BEE-9AD8-4C04-8D3E-C59545767C3F}.Release|iPhone.Build.0 = Release|Any CPU
		{4CB97BEE-9AD8-4C04-8D3E-C59545767C3F}.Release|iPhone.Deploy.0 = Release|Any CPU
		{4CB97BEE-9AD8-4C04-8D3E-C59545767C3F}.Release|iPhoneSimulator.ActiveCfg = Release|Any CPU
		{4CB97BEE-9AD8-4C04-8D3E-C59545767C3F}.Release|iPhoneSimulator.Build.0 = Release|Any CPU
		{4CB97BEE-9AD8-4C04-8D3E-C59545767C3F}.Release|iPhoneSimulator.Deploy.0 = Release|Any CPU
		{4CB97BEE-9AD8-4C04-8D3E-C59545767C3F}.Release|x64.ActiveCfg = Release|Any CPU
		{4CB97BEE-9AD8-4C04-8D3E-C59545767C3F}.Release|x64.Build.0 = Release|Any CPU
		{4CB97BEE-9AD8-4C04-8D3E-C59545767C3F}.Release|x64.Deploy.0 = Release|Any CPU
		{4CB97BEE-9AD8-4C04-8D3E-C59545767C3F}.Release|x86.ActiveCfg = Release|Any CPU
		{4CB97BEE-9AD8-4C04-8D3E-C59545767C3F}.Release|x86.Build.0 = Release|Any CPU
		{4CB97BEE-9AD8-4C04-8D3E-C59545767C3F}.Release|x86.Deploy.0 = Release|Any CPU
		{DD967B97-19FF-4B0C-9830-B007D65D0FDE}.Ad-Hoc|Any CPU.ActiveCfg = Ad-Hoc|iPhone
		{DD967B97-19FF-4B0C-9830-B007D65D0FDE}.Ad-Hoc|ARM.ActiveCfg = Ad-Hoc|iPhone
		{DD967B97-19FF-4B0C-9830-B007D65D0FDE}.Ad-Hoc|iPhone.ActiveCfg = Ad-Hoc|iPhone
		{DD967B97-19FF-4B0C-9830-B007D65D0FDE}.Ad-Hoc|iPhone.Build.0 = Ad-Hoc|iPhone
		{DD967B97-19FF-4B0C-9830-B007D65D0FDE}.Ad-Hoc|iPhoneSimulator.ActiveCfg = Ad-Hoc|iPhoneSimulator
		{DD967B97-19FF-4B0C-9830-B007D65D0FDE}.Ad-Hoc|iPhoneSimulator.Build.0 = Ad-Hoc|iPhoneSimulator
		{DD967B97-19FF-4B0C-9830-B007D65D0FDE}.Ad-Hoc|x64.ActiveCfg = Ad-Hoc|iPhone
		{DD967B97-19FF-4B0C-9830-B007D65D0FDE}.Ad-Hoc|x86.ActiveCfg = Ad-Hoc|iPhone
		{DD967B97-19FF-4B0C-9830-B007D65D0FDE}.AppStore|Any CPU.ActiveCfg = AppStore|iPhone
		{DD967B97-19FF-4B0C-9830-B007D65D0FDE}.AppStore|ARM.ActiveCfg = AppStore|iPhone
		{DD967B97-19FF-4B0C-9830-B007D65D0FDE}.AppStore|iPhone.ActiveCfg = AppStore|iPhone
		{DD967B97-19FF-4B0C-9830-B007D65D0FDE}.AppStore|iPhone.Build.0 = AppStore|iPhone
		{DD967B97-19FF-4B0C-9830-B007D65D0FDE}.AppStore|iPhoneSimulator.ActiveCfg = AppStore|iPhoneSimulator
		{DD967B97-19FF-4B0C-9830-B007D65D0FDE}.AppStore|iPhoneSimulator.Build.0 = AppStore|iPhoneSimulator
		{DD967B97-19FF-4B0C-9830-B007D65D0FDE}.AppStore|x64.ActiveCfg = AppStore|iPhone
		{DD967B97-19FF-4B0C-9830-B007D65D0FDE}.AppStore|x86.ActiveCfg = AppStore|iPhone
		{DD967B97-19FF-4B0C-9830-B007D65D0FDE}.Debug|Any CPU.ActiveCfg = Debug|iPhone
		{DD967B97-19FF-4B0C-9830-B007D65D0FDE}.Debug|ARM.ActiveCfg = Debug|iPhone
		{DD967B97-19FF-4B0C-9830-B007D65D0FDE}.Debug|iPhone.ActiveCfg = Debug|iPhone
		{DD967B97-19FF-4B0C-9830-B007D65D0FDE}.Debug|iPhone.Build.0 = Debug|iPhone
		{DD967B97-19FF-4B0C-9830-B007D65D0FDE}.Debug|iPhoneSimulator.ActiveCfg = Debug|iPhoneSimulator
		{DD967B97-19FF-4B0C-9830-B007D65D0FDE}.Debug|iPhoneSimulator.Build.0 = Debug|iPhoneSimulator
		{DD967B97-19FF-4B0C-9830-B007D65D0FDE}.Debug|x64.ActiveCfg = Debug|iPhone
		{DD967B97-19FF-4B0C-9830-B007D65D0FDE}.Debug|x86.ActiveCfg = Debug|iPhone
		{DD967B97-19FF-4B0C-9830-B007D65D0FDE}.Release|Any CPU.ActiveCfg = Release|iPhone
		{DD967B97-19FF-4B0C-9830-B007D65D0FDE}.Release|ARM.ActiveCfg = Release|iPhone
		{DD967B97-19FF-4B0C-9830-B007D65D0FDE}.Release|iPhone.ActiveCfg = Release|iPhone
		{DD967B97-19FF-4B0C-9830-B007D65D0FDE}.Release|iPhone.Build.0 = Release|iPhone
		{DD967B97-19FF-4B0C-9830-B007D65D0FDE}.Release|iPhoneSimulator.ActiveCfg = Release|iPhoneSimulator
		{DD967B97-19FF-4B0C-9830-B007D65D0FDE}.Release|iPhoneSimulator.Build.0 = Release|iPhoneSimulator
		{DD967B97-19FF-4B0C-9830-B007D65D0FDE}.Release|x64.ActiveCfg = Release|iPhone
		{DD967B97-19FF-4B0C-9830-B007D65D0FDE}.Release|x86.ActiveCfg = Release|iPhone
		{191DA642-F208-4CBD-9C9A-A0261D602BD7}.Ad-Hoc|Any CPU.ActiveCfg = Release|Any CPU
		{191DA642-F208-4CBD-9C9A-A0261D602BD7}.Ad-Hoc|Any CPU.Build.0 = Release|Any CPU
		{191DA642-F208-4CBD-9C9A-A0261D602BD7}.Ad-Hoc|Any CPU.Deploy.0 = Release|Any CPU
		{191DA642-F208-4CBD-9C9A-A0261D602BD7}.Ad-Hoc|ARM.ActiveCfg = Release|ARM
		{191DA642-F208-4CBD-9C9A-A0261D602BD7}.Ad-Hoc|ARM.Build.0 = Release|ARM
		{191DA642-F208-4CBD-9C9A-A0261D602BD7}.Ad-Hoc|ARM.Deploy.0 = Release|ARM
		{191DA642-F208-4CBD-9C9A-A0261D602BD7}.Ad-Hoc|iPhone.ActiveCfg = Release|Any CPU
		{191DA642-F208-4CBD-9C9A-A0261D602BD7}.Ad-Hoc|iPhone.Build.0 = Release|Any CPU
		{191DA642-F208-4CBD-9C9A-A0261D602BD7}.Ad-Hoc|iPhone.Deploy.0 = Release|Any CPU
		{191DA642-F208-4CBD-9C9A-A0261D602BD7}.Ad-Hoc|iPhoneSimulator.ActiveCfg = Release|Any CPU
		{191DA642-F208-4CBD-9C9A-A0261D602BD7}.Ad-Hoc|iPhoneSimulator.Build.0 = Release|Any CPU
		{191DA642-F208-4CBD-9C9A-A0261D602BD7}.Ad-Hoc|iPhoneSimulator.Deploy.0 = Release|Any CPU
		{191DA642-F208-4CBD-9C9A-A0261D602BD7}.Ad-Hoc|x64.ActiveCfg = Release|Any CPU
		{191DA642-F208-4CBD-9C9A-A0261D602BD7}.Ad-Hoc|x64.Build.0 = Release|Any CPU
		{191DA642-F208-4CBD-9C9A-A0261D602BD7}.Ad-Hoc|x64.Deploy.0 = Release|Any CPU
		{191DA642-F208-4CBD-9C9A-A0261D602BD7}.Ad-Hoc|x86.ActiveCfg = Release|x86
		{191DA642-F208-4CBD-9C9A-A0261D602BD7}.Ad-Hoc|x86.Build.0 = Release|x86
		{191DA642-F208-4CBD-9C9A-A0261D602BD7}.Ad-Hoc|x86.Deploy.0 = Release|x86
		{191DA642-F208-4CBD-9C9A-A0261D602BD7}.AppStore|Any CPU.ActiveCfg = Release|Any CPU
		{191DA642-F208-4CBD-9C9A-A0261D602BD7}.AppStore|Any CPU.Build.0 = Release|Any CPU
		{191DA642-F208-4CBD-9C9A-A0261D602BD7}.AppStore|Any CPU.Deploy.0 = Release|Any CPU
		{191DA642-F208-4CBD-9C9A-A0261D602BD7}.AppStore|ARM.ActiveCfg = Release|ARM
		{191DA642-F208-4CBD-9C9A-A0261D602BD7}.AppStore|ARM.Build.0 = Release|ARM
		{191DA642-F208-4CBD-9C9A-A0261D602BD7}.AppStore|ARM.Deploy.0 = Release|ARM
		{191DA642-F208-4CBD-9C9A-A0261D602BD7}.AppStore|iPhone.ActiveCfg = Release|Any CPU
		{191DA642-F208-4CBD-9C9A-A0261D602BD7}.AppStore|iPhone.Build.0 = Release|Any CPU
		{191DA642-F208-4CBD-9C9A-A0261D602BD7}.AppStore|iPhone.Deploy.0 = Release|Any CPU
		{191DA642-F208-4CBD-9C9A-A0261D602BD7}.AppStore|iPhoneSimulator.ActiveCfg = Release|Any CPU
		{191DA642-F208-4CBD-9C9A-A0261D602BD7}.AppStore|iPhoneSimulator.Build.0 = Release|Any CPU
		{191DA642-F208-4CBD-9C9A-A0261D602BD7}.AppStore|iPhoneSimulator.Deploy.0 = Release|Any CPU
		{191DA642-F208-4CBD-9C9A-A0261D602BD7}.AppStore|x64.ActiveCfg = Release|Any CPU
		{191DA642-F208-4CBD-9C9A-A0261D602BD7}.AppStore|x64.Build.0 = Release|Any CPU
		{191DA642-F208-4CBD-9C9A-A0261D602BD7}.AppStore|x64.Deploy.0 = Release|Any CPU
		{191DA642-F208-4CBD-9C9A-A0261D602BD7}.AppStore|x86.ActiveCfg = Release|x86
		{191DA642-F208-4CBD-9C9A-A0261D602BD7}.AppStore|x86.Build.0 = Release|x86
		{191DA642-F208-4CBD-9C9A-A0261D602BD7}.AppStore|x86.Deploy.0 = Release|x86
		{191DA642-F208-4CBD-9C9A-A0261D602BD7}.Debug|Any CPU.ActiveCfg = Debug|Any CPU
		{191DA642-F208-4CBD-9C9A-A0261D602BD7}.Debug|Any CPU.Build.0 = Debug|Any CPU
		{191DA642-F208-4CBD-9C9A-A0261D602BD7}.Debug|Any CPU.Deploy.0 = Debug|Any CPU
		{191DA642-F208-4CBD-9C9A-A0261D602BD7}.Debug|ARM.ActiveCfg = Debug|ARM
		{191DA642-F208-4CBD-9C9A-A0261D602BD7}.Debug|ARM.Build.0 = Debug|ARM
		{191DA642-F208-4CBD-9C9A-A0261D602BD7}.Debug|ARM.Deploy.0 = Debug|ARM
		{191DA642-F208-4CBD-9C9A-A0261D602BD7}.Debug|iPhone.ActiveCfg = Debug|Any CPU
		{191DA642-F208-4CBD-9C9A-A0261D602BD7}.Debug|iPhone.Build.0 = Debug|Any CPU
		{191DA642-F208-4CBD-9C9A-A0261D602BD7}.Debug|iPhone.Deploy.0 = Debug|Any CPU
		{191DA642-F208-4CBD-9C9A-A0261D602BD7}.Debug|iPhoneSimulator.ActiveCfg = Debug|Any CPU
		{191DA642-F208-4CBD-9C9A-A0261D602BD7}.Debug|iPhoneSimulator.Build.0 = Debug|Any CPU
		{191DA642-F208-4CBD-9C9A-A0261D602BD7}.Debug|iPhoneSimulator.Deploy.0 = Debug|Any CPU
		{191DA642-F208-4CBD-9C9A-A0261D602BD7}.Debug|x64.ActiveCfg = Debug|Any CPU
		{191DA642-F208-4CBD-9C9A-A0261D602BD7}.Debug|x64.Build.0 = Debug|Any CPU
		{191DA642-F208-4CBD-9C9A-A0261D602BD7}.Debug|x64.Deploy.0 = Debug|Any CPU
		{191DA642-F208-4CBD-9C9A-A0261D602BD7}.Debug|x86.ActiveCfg = Debug|x86
		{191DA642-F208-4CBD-9C9A-A0261D602BD7}.Debug|x86.Build.0 = Debug|x86
		{191DA642-F208-4CBD-9C9A-A0261D602BD7}.Debug|x86.Deploy.0 = Debug|x86
		{191DA642-F208-4CBD-9C9A-A0261D602BD7}.Release|Any CPU.ActiveCfg = Release|Any CPU
		{191DA642-F208-4CBD-9C9A-A0261D602BD7}.Release|Any CPU.Build.0 = Release|Any CPU
		{191DA642-F208-4CBD-9C9A-A0261D602BD7}.Release|Any CPU.Deploy.0 = Release|Any CPU
		{191DA642-F208-4CBD-9C9A-A0261D602BD7}.Release|ARM.ActiveCfg = Release|ARM
		{191DA642-F208-4CBD-9C9A-A0261D602BD7}.Release|ARM.Build.0 = Release|ARM
		{191DA642-F208-4CBD-9C9A-A0261D602BD7}.Release|ARM.Deploy.0 = Release|ARM
		{191DA642-F208-4CBD-9C9A-A0261D602BD7}.Release|iPhone.ActiveCfg = Release|Any CPU
		{191DA642-F208-4CBD-9C9A-A0261D602BD7}.Release|iPhone.Build.0 = Release|Any CPU
		{191DA642-F208-4CBD-9C9A-A0261D602BD7}.Release|iPhone.Deploy.0 = Release|Any CPU
		{191DA642-F208-4CBD-9C9A-A0261D602BD7}.Release|iPhoneSimulator.ActiveCfg = Release|Any CPU
		{191DA642-F208-4CBD-9C9A-A0261D602BD7}.Release|iPhoneSimulator.Build.0 = Release|Any CPU
		{191DA642-F208-4CBD-9C9A-A0261D602BD7}.Release|iPhoneSimulator.Deploy.0 = Release|Any CPU
		{191DA642-F208-4CBD-9C9A-A0261D602BD7}.Release|x64.ActiveCfg = Release|Any CPU
		{191DA642-F208-4CBD-9C9A-A0261D602BD7}.Release|x64.Build.0 = Release|Any CPU
		{191DA642-F208-4CBD-9C9A-A0261D602BD7}.Release|x64.Deploy.0 = Release|Any CPU
		{191DA642-F208-4CBD-9C9A-A0261D602BD7}.Release|x86.ActiveCfg = Release|x86
		{191DA642-F208-4CBD-9C9A-A0261D602BD7}.Release|x86.Build.0 = Release|x86
		{191DA642-F208-4CBD-9C9A-A0261D602BD7}.Release|x86.Deploy.0 = Release|x86
		{A83F30EF-69E0-4D2E-85FC-3933664D333D}.Ad-Hoc|Any CPU.ActiveCfg = Release|x86
		{A83F30EF-69E0-4D2E-85FC-3933664D333D}.Ad-Hoc|Any CPU.Build.0 = Release|x86
		{A83F30EF-69E0-4D2E-85FC-3933664D333D}.Ad-Hoc|Any CPU.Deploy.0 = Release|x86
		{A83F30EF-69E0-4D2E-85FC-3933664D333D}.Ad-Hoc|ARM.ActiveCfg = Release|ARM
		{A83F30EF-69E0-4D2E-85FC-3933664D333D}.Ad-Hoc|ARM.Build.0 = Release|ARM
		{A83F30EF-69E0-4D2E-85FC-3933664D333D}.Ad-Hoc|ARM.Deploy.0 = Release|ARM
		{A83F30EF-69E0-4D2E-85FC-3933664D333D}.Ad-Hoc|iPhone.ActiveCfg = Release|x86
		{A83F30EF-69E0-4D2E-85FC-3933664D333D}.Ad-Hoc|iPhone.Build.0 = Release|x86
		{A83F30EF-69E0-4D2E-85FC-3933664D333D}.Ad-Hoc|iPhone.Deploy.0 = Release|x86
		{A83F30EF-69E0-4D2E-85FC-3933664D333D}.Ad-Hoc|iPhoneSimulator.ActiveCfg = Release|x86
		{A83F30EF-69E0-4D2E-85FC-3933664D333D}.Ad-Hoc|iPhoneSimulator.Build.0 = Release|x86
		{A83F30EF-69E0-4D2E-85FC-3933664D333D}.Ad-Hoc|iPhoneSimulator.Deploy.0 = Release|x86
		{A83F30EF-69E0-4D2E-85FC-3933664D333D}.Ad-Hoc|x64.ActiveCfg = Release|x64
		{A83F30EF-69E0-4D2E-85FC-3933664D333D}.Ad-Hoc|x64.Build.0 = Release|x64
		{A83F30EF-69E0-4D2E-85FC-3933664D333D}.Ad-Hoc|x64.Deploy.0 = Release|x64
		{A83F30EF-69E0-4D2E-85FC-3933664D333D}.Ad-Hoc|x86.ActiveCfg = Release|x86
		{A83F30EF-69E0-4D2E-85FC-3933664D333D}.Ad-Hoc|x86.Build.0 = Release|x86
		{A83F30EF-69E0-4D2E-85FC-3933664D333D}.Ad-Hoc|x86.Deploy.0 = Release|x86
		{A83F30EF-69E0-4D2E-85FC-3933664D333D}.AppStore|Any CPU.ActiveCfg = Release|x86
		{A83F30EF-69E0-4D2E-85FC-3933664D333D}.AppStore|Any CPU.Build.0 = Release|x86
		{A83F30EF-69E0-4D2E-85FC-3933664D333D}.AppStore|Any CPU.Deploy.0 = Release|x86
		{A83F30EF-69E0-4D2E-85FC-3933664D333D}.AppStore|ARM.ActiveCfg = Release|ARM
		{A83F30EF-69E0-4D2E-85FC-3933664D333D}.AppStore|ARM.Build.0 = Release|ARM
		{A83F30EF-69E0-4D2E-85FC-3933664D333D}.AppStore|ARM.Deploy.0 = Release|ARM
		{A83F30EF-69E0-4D2E-85FC-3933664D333D}.AppStore|iPhone.ActiveCfg = Release|x86
		{A83F30EF-69E0-4D2E-85FC-3933664D333D}.AppStore|iPhone.Build.0 = Release|x86
		{A83F30EF-69E0-4D2E-85FC-3933664D333D}.AppStore|iPhone.Deploy.0 = Release|x86
		{A83F30EF-69E0-4D2E-85FC-3933664D333D}.AppStore|iPhoneSimulator.ActiveCfg = Release|x86
		{A83F30EF-69E0-4D2E-85FC-3933664D333D}.AppStore|iPhoneSimulator.Build.0 = Release|x86
		{A83F30EF-69E0-4D2E-85FC-3933664D333D}.AppStore|iPhoneSimulator.Deploy.0 = Release|x86
		{A83F30EF-69E0-4D2E-85FC-3933664D333D}.AppStore|x64.ActiveCfg = Release|x64
		{A83F30EF-69E0-4D2E-85FC-3933664D333D}.AppStore|x64.Build.0 = Release|x64
		{A83F30EF-69E0-4D2E-85FC-3933664D333D}.AppStore|x64.Deploy.0 = Release|x64
		{A83F30EF-69E0-4D2E-85FC-3933664D333D}.AppStore|x86.ActiveCfg = Release|x86
		{A83F30EF-69E0-4D2E-85FC-3933664D333D}.AppStore|x86.Build.0 = Release|x86
		{A83F30EF-69E0-4D2E-85FC-3933664D333D}.AppStore|x86.Deploy.0 = Release|x86
		{A83F30EF-69E0-4D2E-85FC-3933664D333D}.Debug|Any CPU.ActiveCfg = Debug|x86
		{A83F30EF-69E0-4D2E-85FC-3933664D333D}.Debug|ARM.ActiveCfg = Debug|ARM
		{A83F30EF-69E0-4D2E-85FC-3933664D333D}.Debug|ARM.Build.0 = Debug|ARM
		{A83F30EF-69E0-4D2E-85FC-3933664D333D}.Debug|ARM.Deploy.0 = Debug|ARM
		{A83F30EF-69E0-4D2E-85FC-3933664D333D}.Debug|iPhone.ActiveCfg = Debug|x86
		{A83F30EF-69E0-4D2E-85FC-3933664D333D}.Debug|iPhoneSimulator.ActiveCfg = Debug|x86
		{A83F30EF-69E0-4D2E-85FC-3933664D333D}.Debug|x64.ActiveCfg = Debug|x64
		{A83F30EF-69E0-4D2E-85FC-3933664D333D}.Debug|x64.Build.0 = Debug|x64
		{A83F30EF-69E0-4D2E-85FC-3933664D333D}.Debug|x64.Deploy.0 = Debug|x64
		{A83F30EF-69E0-4D2E-85FC-3933664D333D}.Debug|x86.ActiveCfg = Debug|x86
		{A83F30EF-69E0-4D2E-85FC-3933664D333D}.Debug|x86.Build.0 = Debug|x86
		{A83F30EF-69E0-4D2E-85FC-3933664D333D}.Debug|x86.Deploy.0 = Debug|x86
		{A83F30EF-69E0-4D2E-85FC-3933664D333D}.Release|Any CPU.ActiveCfg = Release|x86
		{A83F30EF-69E0-4D2E-85FC-3933664D333D}.Release|ARM.ActiveCfg = Release|ARM
		{A83F30EF-69E0-4D2E-85FC-3933664D333D}.Release|ARM.Build.0 = Release|ARM
		{A83F30EF-69E0-4D2E-85FC-3933664D333D}.Release|ARM.Deploy.0 = Release|ARM
		{A83F30EF-69E0-4D2E-85FC-3933664D333D}.Release|iPhone.ActiveCfg = Release|x86
		{A83F30EF-69E0-4D2E-85FC-3933664D333D}.Release|iPhoneSimulator.ActiveCfg = Release|x86
		{A83F30EF-69E0-4D2E-85FC-3933664D333D}.Release|x64.ActiveCfg = Release|x64
		{A83F30EF-69E0-4D2E-85FC-3933664D333D}.Release|x64.Build.0 = Release|x64
		{A83F30EF-69E0-4D2E-85FC-3933664D333D}.Release|x64.Deploy.0 = Release|x64
		{A83F30EF-69E0-4D2E-85FC-3933664D333D}.Release|x86.ActiveCfg = Release|x86
		{A83F30EF-69E0-4D2E-85FC-3933664D333D}.Release|x86.Build.0 = Release|x86
		{A83F30EF-69E0-4D2E-85FC-3933664D333D}.Release|x86.Deploy.0 = Release|x86
		{4C920E32-6E39-498D-930E-64604652258A}.Ad-Hoc|Any CPU.ActiveCfg = Release|Any CPU
		{4C920E32-6E39-498D-930E-64604652258A}.Ad-Hoc|Any CPU.Build.0 = Release|Any CPU
		{4C920E32-6E39-498D-930E-64604652258A}.Ad-Hoc|Any CPU.Deploy.0 = Release|Any CPU
		{4C920E32-6E39-498D-930E-64604652258A}.Ad-Hoc|ARM.ActiveCfg = Release|ARM
		{4C920E32-6E39-498D-930E-64604652258A}.Ad-Hoc|ARM.Build.0 = Release|ARM
		{4C920E32-6E39-498D-930E-64604652258A}.Ad-Hoc|ARM.Deploy.0 = Release|ARM
		{4C920E32-6E39-498D-930E-64604652258A}.Ad-Hoc|iPhone.ActiveCfg = Release|Any CPU
		{4C920E32-6E39-498D-930E-64604652258A}.Ad-Hoc|iPhone.Build.0 = Release|Any CPU
		{4C920E32-6E39-498D-930E-64604652258A}.Ad-Hoc|iPhone.Deploy.0 = Release|Any CPU
		{4C920E32-6E39-498D-930E-64604652258A}.Ad-Hoc|iPhoneSimulator.ActiveCfg = Release|Any CPU
		{4C920E32-6E39-498D-930E-64604652258A}.Ad-Hoc|iPhoneSimulator.Build.0 = Release|Any CPU
		{4C920E32-6E39-498D-930E-64604652258A}.Ad-Hoc|iPhoneSimulator.Deploy.0 = Release|Any CPU
		{4C920E32-6E39-498D-930E-64604652258A}.Ad-Hoc|x64.ActiveCfg = Release|x64
		{4C920E32-6E39-498D-930E-64604652258A}.Ad-Hoc|x64.Build.0 = Release|x64
		{4C920E32-6E39-498D-930E-64604652258A}.Ad-Hoc|x64.Deploy.0 = Release|x64
		{4C920E32-6E39-498D-930E-64604652258A}.Ad-Hoc|x86.ActiveCfg = Release|x86
		{4C920E32-6E39-498D-930E-64604652258A}.Ad-Hoc|x86.Build.0 = Release|x86
		{4C920E32-6E39-498D-930E-64604652258A}.Ad-Hoc|x86.Deploy.0 = Release|x86
		{4C920E32-6E39-498D-930E-64604652258A}.AppStore|Any CPU.ActiveCfg = Release|Any CPU
		{4C920E32-6E39-498D-930E-64604652258A}.AppStore|Any CPU.Build.0 = Release|Any CPU
		{4C920E32-6E39-498D-930E-64604652258A}.AppStore|Any CPU.Deploy.0 = Release|Any CPU
		{4C920E32-6E39-498D-930E-64604652258A}.AppStore|ARM.ActiveCfg = Release|ARM
		{4C920E32-6E39-498D-930E-64604652258A}.AppStore|ARM.Build.0 = Release|ARM
		{4C920E32-6E39-498D-930E-64604652258A}.AppStore|ARM.Deploy.0 = Release|ARM
		{4C920E32-6E39-498D-930E-64604652258A}.AppStore|iPhone.ActiveCfg = Release|Any CPU
		{4C920E32-6E39-498D-930E-64604652258A}.AppStore|iPhone.Build.0 = Release|Any CPU
		{4C920E32-6E39-498D-930E-64604652258A}.AppStore|iPhone.Deploy.0 = Release|Any CPU
		{4C920E32-6E39-498D-930E-64604652258A}.AppStore|iPhoneSimulator.ActiveCfg = Release|Any CPU
		{4C920E32-6E39-498D-930E-64604652258A}.AppStore|iPhoneSimulator.Build.0 = Release|Any CPU
		{4C920E32-6E39-498D-930E-64604652258A}.AppStore|iPhoneSimulator.Deploy.0 = Release|Any CPU
		{4C920E32-6E39-498D-930E-64604652258A}.AppStore|x64.ActiveCfg = Release|x64
		{4C920E32-6E39-498D-930E-64604652258A}.AppStore|x64.Build.0 = Release|x64
		{4C920E32-6E39-498D-930E-64604652258A}.AppStore|x64.Deploy.0 = Release|x64
		{4C920E32-6E39-498D-930E-64604652258A}.AppStore|x86.ActiveCfg = Release|x86
		{4C920E32-6E39-498D-930E-64604652258A}.AppStore|x86.Build.0 = Release|x86
		{4C920E32-6E39-498D-930E-64604652258A}.AppStore|x86.Deploy.0 = Release|x86
		{4C920E32-6E39-498D-930E-64604652258A}.Debug|Any CPU.ActiveCfg = Debug|Any CPU
		{4C920E32-6E39-498D-930E-64604652258A}.Debug|Any CPU.Build.0 = Debug|Any CPU
		{4C920E32-6E39-498D-930E-64604652258A}.Debug|Any CPU.Deploy.0 = Debug|Any CPU
		{4C920E32-6E39-498D-930E-64604652258A}.Debug|ARM.ActiveCfg = Debug|ARM
		{4C920E32-6E39-498D-930E-64604652258A}.Debug|ARM.Build.0 = Debug|ARM
		{4C920E32-6E39-498D-930E-64604652258A}.Debug|ARM.Deploy.0 = Debug|ARM
		{4C920E32-6E39-498D-930E-64604652258A}.Debug|iPhone.ActiveCfg = Debug|Any CPU
		{4C920E32-6E39-498D-930E-64604652258A}.Debug|iPhone.Build.0 = Debug|Any CPU
		{4C920E32-6E39-498D-930E-64604652258A}.Debug|iPhone.Deploy.0 = Debug|Any CPU
		{4C920E32-6E39-498D-930E-64604652258A}.Debug|iPhoneSimulator.ActiveCfg = Debug|Any CPU
		{4C920E32-6E39-498D-930E-64604652258A}.Debug|iPhoneSimulator.Build.0 = Debug|Any CPU
		{4C920E32-6E39-498D-930E-64604652258A}.Debug|iPhoneSimulator.Deploy.0 = Debug|Any CPU
		{4C920E32-6E39-498D-930E-64604652258A}.Debug|x64.ActiveCfg = Debug|x64
		{4C920E32-6E39-498D-930E-64604652258A}.Debug|x64.Build.0 = Debug|x64
		{4C920E32-6E39-498D-930E-64604652258A}.Debug|x64.Deploy.0 = Debug|x64
		{4C920E32-6E39-498D-930E-64604652258A}.Debug|x86.ActiveCfg = Debug|x86
		{4C920E32-6E39-498D-930E-64604652258A}.Debug|x86.Build.0 = Debug|x86
		{4C920E32-6E39-498D-930E-64604652258A}.Debug|x86.Deploy.0 = Debug|x86
		{4C920E32-6E39-498D-930E-64604652258A}.Release|Any CPU.ActiveCfg = Release|Any CPU
		{4C920E32-6E39-498D-930E-64604652258A}.Release|Any CPU.Build.0 = Release|Any CPU
		{4C920E32-6E39-498D-930E-64604652258A}.Release|Any CPU.Deploy.0 = Release|Any CPU
		{4C920E32-6E39-498D-930E-64604652258A}.Release|ARM.ActiveCfg = Release|ARM
		{4C920E32-6E39-498D-930E-64604652258A}.Release|ARM.Build.0 = Release|ARM
		{4C920E32-6E39-498D-930E-64604652258A}.Release|ARM.Deploy.0 = Release|ARM
		{4C920E32-6E39-498D-930E-64604652258A}.Release|iPhone.ActiveCfg = Release|Any CPU
		{4C920E32-6E39-498D-930E-64604652258A}.Release|iPhone.Build.0 = Release|Any CPU
		{4C920E32-6E39-498D-930E-64604652258A}.Release|iPhone.Deploy.0 = Release|Any CPU
		{4C920E32-6E39-498D-930E-64604652258A}.Release|iPhoneSimulator.ActiveCfg = Release|Any CPU
		{4C920E32-6E39-498D-930E-64604652258A}.Release|iPhoneSimulator.Build.0 = Release|Any CPU
		{4C920E32-6E39-498D-930E-64604652258A}.Release|iPhoneSimulator.Deploy.0 = Release|Any CPU
		{4C920E32-6E39-498D-930E-64604652258A}.Release|x64.ActiveCfg = Release|x64
		{4C920E32-6E39-498D-930E-64604652258A}.Release|x64.Build.0 = Release|x64
		{4C920E32-6E39-498D-930E-64604652258A}.Release|x64.Deploy.0 = Release|x64
		{4C920E32-6E39-498D-930E-64604652258A}.Release|x86.ActiveCfg = Release|x86
		{4C920E32-6E39-498D-930E-64604652258A}.Release|x86.Build.0 = Release|x86
		{4C920E32-6E39-498D-930E-64604652258A}.Release|x86.Deploy.0 = Release|x86
		{5B1ED2F6-1E7A-4CB5-BFAC-ADDE25C3459B}.Ad-Hoc|Any CPU.ActiveCfg = Release|Any CPU
		{5B1ED2F6-1E7A-4CB5-BFAC-ADDE25C3459B}.Ad-Hoc|Any CPU.Build.0 = Release|Any CPU
		{5B1ED2F6-1E7A-4CB5-BFAC-ADDE25C3459B}.Ad-Hoc|ARM.ActiveCfg = Release|Any CPU
		{5B1ED2F6-1E7A-4CB5-BFAC-ADDE25C3459B}.Ad-Hoc|ARM.Build.0 = Release|Any CPU
		{5B1ED2F6-1E7A-4CB5-BFAC-ADDE25C3459B}.Ad-Hoc|iPhone.ActiveCfg = Release|Any CPU
		{5B1ED2F6-1E7A-4CB5-BFAC-ADDE25C3459B}.Ad-Hoc|iPhone.Build.0 = Release|Any CPU
		{5B1ED2F6-1E7A-4CB5-BFAC-ADDE25C3459B}.Ad-Hoc|iPhoneSimulator.ActiveCfg = Release|Any CPU
		{5B1ED2F6-1E7A-4CB5-BFAC-ADDE25C3459B}.Ad-Hoc|iPhoneSimulator.Build.0 = Release|Any CPU
		{5B1ED2F6-1E7A-4CB5-BFAC-ADDE25C3459B}.Ad-Hoc|x64.ActiveCfg = Release|Any CPU
		{5B1ED2F6-1E7A-4CB5-BFAC-ADDE25C3459B}.Ad-Hoc|x64.Build.0 = Release|Any CPU
		{5B1ED2F6-1E7A-4CB5-BFAC-ADDE25C3459B}.Ad-Hoc|x86.ActiveCfg = Release|Any CPU
		{5B1ED2F6-1E7A-4CB5-BFAC-ADDE25C3459B}.Ad-Hoc|x86.Build.0 = Release|Any CPU
		{5B1ED2F6-1E7A-4CB5-BFAC-ADDE25C3459B}.AppStore|Any CPU.ActiveCfg = Release|Any CPU
		{5B1ED2F6-1E7A-4CB5-BFAC-ADDE25C3459B}.AppStore|Any CPU.Build.0 = Release|Any CPU
		{5B1ED2F6-1E7A-4CB5-BFAC-ADDE25C3459B}.AppStore|ARM.ActiveCfg = Release|Any CPU
		{5B1ED2F6-1E7A-4CB5-BFAC-ADDE25C3459B}.AppStore|ARM.Build.0 = Release|Any CPU
		{5B1ED2F6-1E7A-4CB5-BFAC-ADDE25C3459B}.AppStore|iPhone.ActiveCfg = Release|Any CPU
		{5B1ED2F6-1E7A-4CB5-BFAC-ADDE25C3459B}.AppStore|iPhone.Build.0 = Release|Any CPU
		{5B1ED2F6-1E7A-4CB5-BFAC-ADDE25C3459B}.AppStore|iPhoneSimulator.ActiveCfg = Release|Any CPU
		{5B1ED2F6-1E7A-4CB5-BFAC-ADDE25C3459B}.AppStore|iPhoneSimulator.Build.0 = Release|Any CPU
		{5B1ED2F6-1E7A-4CB5-BFAC-ADDE25C3459B}.AppStore|x64.ActiveCfg = Release|Any CPU
		{5B1ED2F6-1E7A-4CB5-BFAC-ADDE25C3459B}.AppStore|x64.Build.0 = Release|Any CPU
		{5B1ED2F6-1E7A-4CB5-BFAC-ADDE25C3459B}.AppStore|x86.ActiveCfg = Release|Any CPU
		{5B1ED2F6-1E7A-4CB5-BFAC-ADDE25C3459B}.AppStore|x86.Build.0 = Release|Any CPU
		{5B1ED2F6-1E7A-4CB5-BFAC-ADDE25C3459B}.Debug|Any CPU.ActiveCfg = Debug|Any CPU
		{5B1ED2F6-1E7A-4CB5-BFAC-ADDE25C3459B}.Debug|Any CPU.Build.0 = Debug|Any CPU
		{5B1ED2F6-1E7A-4CB5-BFAC-ADDE25C3459B}.Debug|ARM.ActiveCfg = Debug|Any CPU
		{5B1ED2F6-1E7A-4CB5-BFAC-ADDE25C3459B}.Debug|ARM.Build.0 = Debug|Any CPU
		{5B1ED2F6-1E7A-4CB5-BFAC-ADDE25C3459B}.Debug|iPhone.ActiveCfg = Debug|Any CPU
		{5B1ED2F6-1E7A-4CB5-BFAC-ADDE25C3459B}.Debug|iPhone.Build.0 = Debug|Any CPU
		{5B1ED2F6-1E7A-4CB5-BFAC-ADDE25C3459B}.Debug|iPhoneSimulator.ActiveCfg = Debug|Any CPU
		{5B1ED2F6-1E7A-4CB5-BFAC-ADDE25C3459B}.Debug|iPhoneSimulator.Build.0 = Debug|Any CPU
		{5B1ED2F6-1E7A-4CB5-BFAC-ADDE25C3459B}.Debug|x64.ActiveCfg = Debug|Any CPU
		{5B1ED2F6-1E7A-4CB5-BFAC-ADDE25C3459B}.Debug|x64.Build.0 = Debug|Any CPU
		{5B1ED2F6-1E7A-4CB5-BFAC-ADDE25C3459B}.Debug|x86.ActiveCfg = Debug|Any CPU
		{5B1ED2F6-1E7A-4CB5-BFAC-ADDE25C3459B}.Debug|x86.Build.0 = Debug|Any CPU
		{5B1ED2F6-1E7A-4CB5-BFAC-ADDE25C3459B}.Release|Any CPU.ActiveCfg = Release|Any CPU
		{5B1ED2F6-1E7A-4CB5-BFAC-ADDE25C3459B}.Release|Any CPU.Build.0 = Release|Any CPU
		{5B1ED2F6-1E7A-4CB5-BFAC-ADDE25C3459B}.Release|ARM.ActiveCfg = Release|Any CPU
		{5B1ED2F6-1E7A-4CB5-BFAC-ADDE25C3459B}.Release|ARM.Build.0 = Release|Any CPU
		{5B1ED2F6-1E7A-4CB5-BFAC-ADDE25C3459B}.Release|iPhone.ActiveCfg = Release|Any CPU
		{5B1ED2F6-1E7A-4CB5-BFAC-ADDE25C3459B}.Release|iPhone.Build.0 = Release|Any CPU
		{5B1ED2F6-1E7A-4CB5-BFAC-ADDE25C3459B}.Release|iPhoneSimulator.ActiveCfg = Release|Any CPU
		{5B1ED2F6-1E7A-4CB5-BFAC-ADDE25C3459B}.Release|iPhoneSimulator.Build.0 = Release|Any CPU
		{5B1ED2F6-1E7A-4CB5-BFAC-ADDE25C3459B}.Release|x64.ActiveCfg = Release|Any CPU
		{5B1ED2F6-1E7A-4CB5-BFAC-ADDE25C3459B}.Release|x64.Build.0 = Release|Any CPU
		{5B1ED2F6-1E7A-4CB5-BFAC-ADDE25C3459B}.Release|x86.ActiveCfg = Release|Any CPU
		{5B1ED2F6-1E7A-4CB5-BFAC-ADDE25C3459B}.Release|x86.Build.0 = Release|Any CPU
	EndGlobalSection
	GlobalSection(SolutionProperties) = preSolution
		HideSolutionNode = FALSE
	EndGlobalSection
EndGlobal
